// !$*UTF8*$!
{
	archiveVersion = 1;
	classes = {
	};
	objectVersion = 56;
	objects = {

/* Begin PBXBuildFile section */
		2E34400E2AAC7C5E0043C368 /* AppDelegate.swift in Sources */ = {isa = PBXBuildFile; fileRef = 2E34400D2AAC7C5E0043C368 /* AppDelegate.swift */; };
		2E3440102AAC7C5E0043C368 /* SceneDelegate.swift in Sources */ = {isa = PBXBuildFile; fileRef = 2E34400F2AAC7C5E0043C368 /* SceneDelegate.swift */; };
		2E3440122AAC7C5E0043C368 /* ViewController.swift in Sources */ = {isa = PBXBuildFile; fileRef = 2E3440112AAC7C5E0043C368 /* ViewController.swift */; };
		2E3440152AAC7C5E0043C368 /* Main.storyboard in Resources */ = {isa = PBXBuildFile; fileRef = 2E3440132AAC7C5E0043C368 /* Main.storyboard */; };
		2E3440182AAC7C5E0043C368 /* heavyweightMigration.xcdatamodeld in Sources */ = {isa = PBXBuildFile; fileRef = 2E3440162AAC7C5E0043C368 /* heavyweightMigration.xcdatamodeld */; };
		2E34401A2AAC7C5F0043C368 /* Assets.xcassets in Resources */ = {isa = PBXBuildFile; fileRef = 2E3440192AAC7C5F0043C368 /* Assets.xcassets */; };
		2E34401D2AAC7C5F0043C368 /* LaunchScreen.storyboard in Resources */ = {isa = PBXBuildFile; fileRef = 2E34401B2AAC7C5F0043C368 /* LaunchScreen.storyboard */; };
		2E3440282AAC7C5F0043C368 /* heavyweightMigrationTests.swift in Sources */ = {isa = PBXBuildFile; fileRef = 2E3440272AAC7C5F0043C368 /* heavyweightMigrationTests.swift */; };
		2E3440322AAC7C5F0043C368 /* heavyweightMigrationUITests.swift in Sources */ = {isa = PBXBuildFile; fileRef = 2E3440312AAC7C5F0043C368 /* heavyweightMigrationUITests.swift */; };
		2E3440342AAC7C5F0043C368 /* heavyweightMigrationUITestsLaunchTests.swift in Sources */ = {isa = PBXBuildFile; fileRef = 2E3440332AAC7C5F0043C368 /* heavyweightMigrationUITestsLaunchTests.swift */; };
		2E3440422AAC7D210043C368 /* Employee+CoreDataClass.swift in Sources */ = {isa = PBXBuildFile; fileRef = 2E3440402AAC7D210043C368 /* Employee+CoreDataClass.swift */; };
		2E3440432AAC7D210043C368 /* Employee+CoreDataProperties.swift in Sources */ = {isa = PBXBuildFile; fileRef = 2E3440412AAC7D210043C368 /* Employee+CoreDataProperties.swift */; };
		2E3440462AAC7E570043C368 /* EmployeeMappingModel.xcmappingmodel in Sources */ = {isa = PBXBuildFile; fileRef = 2E3440452AAC7E570043C368 /* EmployeeMappingModel.xcmappingmodel */; };
		2E3440482AAC7EB80043C368 /* EmployeeMappingModelMigration.swift in Sources */ = {isa = PBXBuildFile; fileRef = 2E3440472AAC7EB80043C368 /* EmployeeMappingModelMigration.swift */; };
/* End PBXBuildFile section */

/* Begin PBXContainerItemProxy section */
		2E3440242AAC7C5F0043C368 /* PBXContainerItemProxy */ = {
			isa = PBXContainerItemProxy;
			containerPortal = 2E3440022AAC7C5E0043C368 /* Project object */;
			proxyType = 1;
			remoteGlobalIDString = 2E3440092AAC7C5E0043C368;
			remoteInfo = heavyweightMigration;
		};
		2E34402E2AAC7C5F0043C368 /* PBXContainerItemProxy */ = {
			isa = PBXContainerItemProxy;
			containerPortal = 2E3440022AAC7C5E0043C368 /* Project object */;
			proxyType = 1;
			remoteGlobalIDString = 2E3440092AAC7C5E0043C368;
			remoteInfo = heavyweightMigration;
		};
/* End PBXContainerItemProxy section */

/* Begin PBXFileReference section */
		2E34400A2AAC7C5E0043C368 /* heavyweightMigration.app */ = {isa = PBXFileReference; explicitFileType = wrapper.application; includeInIndex = 0; path = heavyweightMigration.app; sourceTree = BUILT_PRODUCTS_DIR; };
		2E34400D2AAC7C5E0043C368 /* AppDelegate.swift */ = {isa = PBXFileReference; lastKnownFileType = sourcecode.swift; path = AppDelegate.swift; sourceTree = "<group>"; };
		2E34400F2AAC7C5E0043C368 /* SceneDelegate.swift */ = {isa = PBXFileReference; lastKnownFileType = sourcecode.swift; path = SceneDelegate.swift; sourceTree = "<group>"; };
		2E3440112AAC7C5E0043C368 /* ViewController.swift */ = {isa = PBXFileReference; lastKnownFileType = sourcecode.swift; path = ViewController.swift; sourceTree = "<group>"; };
		2E3440142AAC7C5E0043C368 /* Base */ = {isa = PBXFileReference; lastKnownFileType = file.storyboard; name = Base; path = Base.lproj/Main.storyboard; sourceTree = "<group>"; };
		2E3440172AAC7C5E0043C368 /* heavyweightMigration.xcdatamodel */ = {isa = PBXFileReference; lastKnownFileType = wrapper.xcdatamodel; path = heavyweightMigration.xcdatamodel; sourceTree = "<group>"; };
		2E3440192AAC7C5F0043C368 /* Assets.xcassets */ = {isa = PBXFileReference; lastKnownFileType = folder.assetcatalog; path = Assets.xcassets; sourceTree = "<group>"; };
		2E34401C2AAC7C5F0043C368 /* Base */ = {isa = PBXFileReference; lastKnownFileType = file.storyboard; name = Base; path = Base.lproj/LaunchScreen.storyboard; sourceTree = "<group>"; };
		2E34401E2AAC7C5F0043C368 /* Info.plist */ = {isa = PBXFileReference; lastKnownFileType = text.plist.xml; path = Info.plist; sourceTree = "<group>"; };
		2E3440232AAC7C5F0043C368 /* heavyweightMigrationTests.xctest */ = {isa = PBXFileReference; explicitFileType = wrapper.cfbundle; includeInIndex = 0; path = heavyweightMigrationTests.xctest; sourceTree = BUILT_PRODUCTS_DIR; };
		2E3440272AAC7C5F0043C368 /* heavyweightMigrationTests.swift */ = {isa = PBXFileReference; lastKnownFileType = sourcecode.swift; path = heavyweightMigrationTests.swift; sourceTree = "<group>"; };
		2E34402D2AAC7C5F0043C368 /* heavyweightMigrationUITests.xctest */ = {isa = PBXFileReference; explicitFileType = wrapper.cfbundle; includeInIndex = 0; path = heavyweightMigrationUITests.xctest; sourceTree = BUILT_PRODUCTS_DIR; };
		2E3440312AAC7C5F0043C368 /* heavyweightMigrationUITests.swift */ = {isa = PBXFileReference; lastKnownFileType = sourcecode.swift; path = heavyweightMigrationUITests.swift; sourceTree = "<group>"; };
		2E3440332AAC7C5F0043C368 /* heavyweightMigrationUITestsLaunchTests.swift */ = {isa = PBXFileReference; lastKnownFileType = sourcecode.swift; path = heavyweightMigrationUITestsLaunchTests.swift; sourceTree = "<group>"; };
		2E3440402AAC7D210043C368 /* Employee+CoreDataClass.swift */ = {isa = PBXFileReference; lastKnownFileType = sourcecode.swift; path = "Employee+CoreDataClass.swift"; sourceTree = "<group>"; };
		2E3440412AAC7D210043C368 /* Employee+CoreDataProperties.swift */ = {isa = PBXFileReference; lastKnownFileType = sourcecode.swift; path = "Employee+CoreDataProperties.swift"; sourceTree = "<group>"; };
		2E3440442AAC7D7D0043C368 /* heavyweightMigration 2.xcdatamodel */ = {isa = PBXFileReference; lastKnownFileType = wrapper.xcdatamodel; path = "heavyweightMigration 2.xcdatamodel"; sourceTree = "<group>"; };
		2E3440452AAC7E570043C368 /* EmployeeMappingModel.xcmappingmodel */ = {isa = PBXFileReference; lastKnownFileType = wrapper.xcmappingmodel; path = EmployeeMappingModel.xcmappingmodel; sourceTree = "<group>"; };
		2E3440472AAC7EB80043C368 /* EmployeeMappingModelMigration.swift */ = {isa = PBXFileReference; lastKnownFileType = sourcecode.swift; path = EmployeeMappingModelMigration.swift; sourceTree = "<group>"; };
/* End PBXFileReference section */

/* Begin PBXFrameworksBuildPhase section */
		2E3440072AAC7C5E0043C368 /* Frameworks */ = {
			isa = PBXFrameworksBuildPhase;
			buildActionMask = 2147483647;
			files = (
			);
			runOnlyForDeploymentPostprocessing = 0;
		};
		2E3440202AAC7C5F0043C368 /* Frameworks */ = {
			isa = PBXFrameworksBuildPhase;
			buildActionMask = 2147483647;
			files = (
			);
			runOnlyForDeploymentPostprocessing = 0;
		};
		2E34402A2AAC7C5F0043C368 /* Frameworks */ = {
			isa = PBXFrameworksBuildPhase;
			buildActionMask = 2147483647;
			files = (
			);
			runOnlyForDeploymentPostprocessing = 0;
		};
/* End PBXFrameworksBuildPhase section */

/* Begin PBXGroup section */
		2E3440012AAC7C5E0043C368 = {
			isa = PBXGroup;
			children = (
				2E3440402AAC7D210043C368 /* Employee+CoreDataClass.swift */,
				2E3440412AAC7D210043C368 /* Employee+CoreDataProperties.swift */,
				2E34400C2AAC7C5E0043C368 /* heavyweightMigration */,
				2E3440262AAC7C5F0043C368 /* heavyweightMigrationTests */,
				2E3440302AAC7C5F0043C368 /* heavyweightMigrationUITests */,
				2E34400B2AAC7C5E0043C368 /* Products */,
			);
			sourceTree = "<group>";
		};
		2E34400B2AAC7C5E0043C368 /* Products */ = {
			isa = PBXGroup;
			children = (
				2E34400A2AAC7C5E0043C368 /* heavyweightMigration.app */,
				2E3440232AAC7C5F0043C368 /* heavyweightMigrationTests.xctest */,
				2E34402D2AAC7C5F0043C368 /* heavyweightMigrationUITests.xctest */,
			);
			name = Products;
			sourceTree = "<group>";
		};
		2E34400C2AAC7C5E0043C368 /* heavyweightMigration */ = {
			isa = PBXGroup;
			children = (
				2E34400D2AAC7C5E0043C368 /* AppDelegate.swift */,
				2E34400F2AAC7C5E0043C368 /* SceneDelegate.swift */,
				2E3440112AAC7C5E0043C368 /* ViewController.swift */,
				2E3440132AAC7C5E0043C368 /* Main.storyboard */,
				2E3440192AAC7C5F0043C368 /* Assets.xcassets */,
				2E34401B2AAC7C5F0043C368 /* LaunchScreen.storyboard */,
				2E34401E2AAC7C5F0043C368 /* Info.plist */,
				2E3440162AAC7C5E0043C368 /* heavyweightMigration.xcdatamodeld */,
				2E3440452AAC7E570043C368 /* EmployeeMappingModel.xcmappingmodel */,
				2E3440472AAC7EB80043C368 /* EmployeeMappingModelMigration.swift */,
			);
			path = heavyweightMigration;
			sourceTree = "<group>";
		};
		2E3440262AAC7C5F0043C368 /* heavyweightMigrationTests */ = {
			isa = PBXGroup;
			children = (
				2E3440272AAC7C5F0043C368 /* heavyweightMigrationTests.swift */,
			);
			path = heavyweightMigrationTests;
			sourceTree = "<group>";
		};
		2E3440302AAC7C5F0043C368 /* heavyweightMigrationUITests */ = {
			isa = PBXGroup;
			children = (
				2E3440312AAC7C5F0043C368 /* heavyweightMigrationUITests.swift */,
				2E3440332AAC7C5F0043C368 /* heavyweightMigrationUITestsLaunchTests.swift */,
			);
			path = heavyweightMigrationUITests;
			sourceTree = "<group>";
		};
/* End PBXGroup section */

/* Begin PBXNativeTarget section */
		2E3440092AAC7C5E0043C368 /* heavyweightMigration */ = {
			isa = PBXNativeTarget;
			buildConfigurationList = 2E3440372AAC7C5F0043C368 /* Build configuration list for PBXNativeTarget "heavyweightMigration" */;
			buildPhases = (
				2E3440062AAC7C5E0043C368 /* Sources */,
				2E3440072AAC7C5E0043C368 /* Frameworks */,
				2E3440082AAC7C5E0043C368 /* Resources */,
			);
			buildRules = (
			);
			dependencies = (
			);
			name = heavyweightMigration;
			productName = heavyweightMigration;
			productReference = 2E34400A2AAC7C5E0043C368 /* heavyweightMigration.app */;
			productType = "com.apple.product-type.application";
		};
		2E3440222AAC7C5F0043C368 /* heavyweightMigrationTests */ = {
			isa = PBXNativeTarget;
			buildConfigurationList = 2E34403A2AAC7C5F0043C368 /* Build configuration list for PBXNativeTarget "heavyweightMigrationTests" */;
			buildPhases = (
				2E34401F2AAC7C5F0043C368 /* Sources */,
				2E3440202AAC7C5F0043C368 /* Frameworks */,
				2E3440212AAC7C5F0043C368 /* Resources */,
			);
			buildRules = (
			);
			dependencies = (
				2E3440252AAC7C5F0043C368 /* PBXTargetDependency */,
			);
			name = heavyweightMigrationTests;
			productName = heavyweightMigrationTests;
			productReference = 2E3440232AAC7C5F0043C368 /* heavyweightMigrationTests.xctest */;
			productType = "com.apple.product-type.bundle.unit-test";
		};
		2E34402C2AAC7C5F0043C368 /* heavyweightMigrationUITests */ = {
			isa = PBXNativeTarget;
			buildConfigurationList = 2E34403D2AAC7C5F0043C368 /* Build configuration list for PBXNativeTarget "heavyweightMigrationUITests" */;
			buildPhases = (
				2E3440292AAC7C5F0043C368 /* Sources */,
				2E34402A2AAC7C5F0043C368 /* Frameworks */,
				2E34402B2AAC7C5F0043C368 /* Resources */,
			);
			buildRules = (
			);
			dependencies = (
				2E34402F2AAC7C5F0043C368 /* PBXTargetDependency */,
			);
			name = heavyweightMigrationUITests;
			productName = heavyweightMigrationUITests;
			productReference = 2E34402D2AAC7C5F0043C368 /* heavyweightMigrationUITests.xctest */;
			productType = "com.apple.product-type.bundle.ui-testing";
		};
/* End PBXNativeTarget section */

/* Begin PBXProject section */
		2E3440022AAC7C5E0043C368 /* Project object */ = {
			isa = PBXProject;
			attributes = {
				BuildIndependentTargetsInParallel = 1;
				LastSwiftUpdateCheck = 1410;
				LastUpgradeCheck = 1410;
				TargetAttributes = {
					2E3440092AAC7C5E0043C368 = {
						CreatedOnToolsVersion = 14.1;
					};
					2E3440222AAC7C5F0043C368 = {
						CreatedOnToolsVersion = 14.1;
						TestTargetID = 2E3440092AAC7C5E0043C368;
					};
					2E34402C2AAC7C5F0043C368 = {
						CreatedOnToolsVersion = 14.1;
						TestTargetID = 2E3440092AAC7C5E0043C368;
					};
				};
			};
			buildConfigurationList = 2E3440052AAC7C5E0043C368 /* Build configuration list for PBXProject "heavyweightMigration" */;
			compatibilityVersion = "Xcode 14.0";
			developmentRegion = en;
			hasScannedForEncodings = 0;
			knownRegions = (
				en,
				Base,
			);
			mainGroup = 2E3440012AAC7C5E0043C368;
			productRefGroup = 2E34400B2AAC7C5E0043C368 /* Products */;
			projectDirPath = "";
			projectRoot = "";
			targets = (
				2E3440092AAC7C5E0043C368 /* heavyweightMigration */,
				2E3440222AAC7C5F0043C368 /* heavyweightMigrationTests */,
				2E34402C2AAC7C5F0043C368 /* heavyweightMigrationUITests */,
			);
		};
/* End PBXProject section */

/* Begin PBXResourcesBuildPhase section */
		2E3440082AAC7C5E0043C368 /* Resources */ = {
			isa = PBXResourcesBuildPhase;
			buildActionMask = 2147483647;
			files = (
				2E34401D2AAC7C5F0043C368 /* LaunchScreen.storyboard in Resources */,
				2E34401A2AAC7C5F0043C368 /* Assets.xcassets in Resources */,
				2E3440152AAC7C5E0043C368 /* Main.storyboard in Resources */,
			);
			runOnlyForDeploymentPostprocessing = 0;
		};
		2E3440212AAC7C5F0043C368 /* Resources */ = {
			isa = PBXResourcesBuildPhase;
			buildActionMask = 2147483647;
			files = (
			);
			runOnlyForDeploymentPostprocessing = 0;
		};
		2E34402B2AAC7C5F0043C368 /* Resources */ = {
			isa = PBXResourcesBuildPhase;
			buildActionMask = 2147483647;
			files = (
			);
			runOnlyForDeploymentPostprocessing = 0;
		};
/* End PBXResourcesBuildPhase section */

/* Begin PBXSourcesBuildPhase section */
		2E3440062AAC7C5E0043C368 /* Sources */ = {
			isa = PBXSourcesBuildPhase;
			buildActionMask = 2147483647;
			files = (
				2E3440182AAC7C5E0043C368 /* heavyweightMigration.xcdatamodeld in Sources */,
				2E3440462AAC7E570043C368 /* EmployeeMappingModel.xcmappingmodel in Sources */,
				2E3440432AAC7D210043C368 /* Employee+CoreDataProperties.swift in Sources */,
				2E3440122AAC7C5E0043C368 /* ViewController.swift in Sources */,
				2E34400E2AAC7C5E0043C368 /* AppDelegate.swift in Sources */,
				2E3440482AAC7EB80043C368 /* EmployeeMappingModelMigration.swift in Sources */,
				2E3440422AAC7D210043C368 /* Employee+CoreDataClass.swift in Sources */,
				2E3440102AAC7C5E0043C368 /* SceneDelegate.swift in Sources */,
			);
			runOnlyForDeploymentPostprocessing = 0;
		};
		2E34401F2AAC7C5F0043C368 /* Sources */ = {
			isa = PBXSourcesBuildPhase;
			buildActionMask = 2147483647;
			files = (
				2E3440282AAC7C5F0043C368 /* heavyweightMigrationTests.swift in Sources */,
			);
			runOnlyForDeploymentPostprocessing = 0;
		};
		2E3440292AAC7C5F0043C368 /* Sources */ = {
			isa = PBXSourcesBuildPhase;
			buildActionMask = 2147483647;
			files = (
				2E3440322AAC7C5F0043C368 /* heavyweightMigrationUITests.swift in Sources */,
				2E3440342AAC7C5F0043C368 /* heavyweightMigrationUITestsLaunchTests.swift in Sources */,
			);
			runOnlyForDeploymentPostprocessing = 0;
		};
/* End PBXSourcesBuildPhase section */

/* Begin PBXTargetDependency section */
		2E3440252AAC7C5F0043C368 /* PBXTargetDependency */ = {
			isa = PBXTargetDependency;
			target = 2E3440092AAC7C5E0043C368 /* heavyweightMigration */;
			targetProxy = 2E3440242AAC7C5F0043C368 /* PBXContainerItemProxy */;
		};
		2E34402F2AAC7C5F0043C368 /* PBXTargetDependency */ = {
			isa = PBXTargetDependency;
			target = 2E3440092AAC7C5E0043C368 /* heavyweightMigration */;
			targetProxy = 2E34402E2AAC7C5F0043C368 /* PBXContainerItemProxy */;
		};
/* End PBXTargetDependency section */

/* Begin PBXVariantGroup section */
		2E3440132AAC7C5E0043C368 /* Main.storyboard */ = {
			isa = PBXVariantGroup;
			children = (
				2E3440142AAC7C5E0043C368 /* Base */,
			);
			name = Main.storyboard;
			sourceTree = "<group>";
		};
		2E34401B2AAC7C5F0043C368 /* LaunchScreen.storyboard */ = {
			isa = PBXVariantGroup;
			children = (
				2E34401C2AAC7C5F0043C368 /* Base */,
			);
			name = LaunchScreen.storyboard;
			sourceTree = "<group>";
		};
/* End PBXVariantGroup section */

/* Begin XCBuildConfiguration section */
		2E3440352AAC7C5F0043C368 /* Debug */ = {
			isa = XCBuildConfiguration;
			buildSettings = {
				ALWAYS_SEARCH_USER_PATHS = NO;
				CLANG_ANALYZER_NONNULL = YES;
				CLANG_ANALYZER_NUMBER_OBJECT_CONVERSION = YES_AGGRESSIVE;
				CLANG_CXX_LANGUAGE_STANDARD = "gnu++20";
				CLANG_ENABLE_MODULES = YES;
				CLANG_ENABLE_OBJC_ARC = YES;
				CLANG_ENABLE_OBJC_WEAK = YES;
				CLANG_WARN_BLOCK_CAPTURE_AUTORELEASING = YES;
				CLANG_WARN_BOOL_CONVERSION = YES;
				CLANG_WARN_COMMA = YES;
				CLANG_WARN_CONSTANT_CONVERSION = YES;
				CLANG_WARN_DEPRECATED_OBJC_IMPLEMENTATIONS = YES;
				CLANG_WARN_DIRECT_OBJC_ISA_USAGE = YES_ERROR;
				CLANG_WARN_DOCUMENTATION_COMMENTS = YES;
				CLANG_WARN_EMPTY_BODY = YES;
				CLANG_WARN_ENUM_CONVERSION = YES;
				CLANG_WARN_INFINITE_RECURSION = YES;
				CLANG_WARN_INT_CONVERSION = YES;
				CLANG_WARN_NON_LITERAL_NULL_CONVERSION = YES;
				CLANG_WARN_OBJC_IMPLICIT_RETAIN_SELF = YES;
				CLANG_WARN_OBJC_LITERAL_CONVERSION = YES;
				CLANG_WARN_OBJC_ROOT_CLASS = YES_ERROR;
				CLANG_WARN_QUOTED_INCLUDE_IN_FRAMEWORK_HEADER = YES;
				CLANG_WARN_RANGE_LOOP_ANALYSIS = YES;
				CLANG_WARN_STRICT_PROTOTYPES = YES;
				CLANG_WARN_SUSPICIOUS_MOVE = YES;
				CLANG_WARN_UNGUARDED_AVAILABILITY = YES_AGGRESSIVE;
				CLANG_WARN_UNREACHABLE_CODE = YES;
				CLANG_WARN__DUPLICATE_METHOD_MATCH = YES;
				COPY_PHASE_STRIP = NO;
				DEBUG_INFORMATION_FORMAT = dwarf;
				ENABLE_STRICT_OBJC_MSGSEND = YES;
				ENABLE_TESTABILITY = YES;
				GCC_C_LANGUAGE_STANDARD = gnu11;
				GCC_DYNAMIC_NO_PIC = NO;
				GCC_NO_COMMON_BLOCKS = YES;
				GCC_OPTIMIZATION_LEVEL = 0;
				GCC_PREPROCESSOR_DEFINITIONS = (
					"DEBUG=1",
					"$(inherited)",
				);
				GCC_WARN_64_TO_32_BIT_CONVERSION = YES;
				GCC_WARN_ABOUT_RETURN_TYPE = YES_ERROR;
				GCC_WARN_UNDECLARED_SELECTOR = YES;
				GCC_WARN_UNINITIALIZED_AUTOS = YES_AGGRESSIVE;
				GCC_WARN_UNUSED_FUNCTION = YES;
				GCC_WARN_UNUSED_VARIABLE = YES;
				IPHONEOS_DEPLOYMENT_TARGET = 16.1;
				MTL_ENABLE_DEBUG_INFO = INCLUDE_SOURCE;
				MTL_FAST_MATH = YES;
				ONLY_ACTIVE_ARCH = YES;
				SDKROOT = iphoneos;
				SWIFT_ACTIVE_COMPILATION_CONDITIONS = DEBUG;
				SWIFT_OPTIMIZATION_LEVEL = "-Onone";
			};
			name = Debug;
		};
		2E3440362AAC7C5F0043C368 /* Release */ = {
			isa = XCBuildConfiguration;
			buildSettings = {
				ALWAYS_SEARCH_USER_PATHS = NO;
				CLANG_ANALYZER_NONNULL = YES;
				CLANG_ANALYZER_NUMBER_OBJECT_CONVERSION = YES_AGGRESSIVE;
				CLANG_CXX_LANGUAGE_STANDARD = "gnu++20";
				CLANG_ENABLE_MODULES = YES;
				CLANG_ENABLE_OBJC_ARC = YES;
				CLANG_ENABLE_OBJC_WEAK = YES;
				CLANG_WARN_BLOCK_CAPTURE_AUTORELEASING = YES;
				CLANG_WARN_BOOL_CONVERSION = YES;
				CLANG_WARN_COMMA = YES;
				CLANG_WARN_CONSTANT_CONVERSION = YES;
				CLANG_WARN_DEPRECATED_OBJC_IMPLEMENTATIONS = YES;
				CLANG_WARN_DIRECT_OBJC_ISA_USAGE = YES_ERROR;
				CLANG_WARN_DOCUMENTATION_COMMENTS = YES;
				CLANG_WARN_EMPTY_BODY = YES;
				CLANG_WARN_ENUM_CONVERSION = YES;
				CLANG_WARN_INFINITE_RECURSION = YES;
				CLANG_WARN_INT_CONVERSION = YES;
				CLANG_WARN_NON_LITERAL_NULL_CONVERSION = YES;
				CLANG_WARN_OBJC_IMPLICIT_RETAIN_SELF = YES;
				CLANG_WARN_OBJC_LITERAL_CONVERSION = YES;
				CLANG_WARN_OBJC_ROOT_CLASS = YES_ERROR;
				CLANG_WARN_QUOTED_INCLUDE_IN_FRAMEWORK_HEADER = YES;
				CLANG_WARN_RANGE_LOOP_ANALYSIS = YES;
				CLANG_WARN_STRICT_PROTOTYPES = YES;
				CLANG_WARN_SUSPICIOUS_MOVE = YES;
				CLANG_WARN_UNGUARDED_AVAILABILITY = YES_AGGRESSIVE;
				CLANG_WARN_UNREACHABLE_CODE = YES;
				CLANG_WARN__DUPLICATE_METHOD_MATCH = YES;
				COPY_PHASE_STRIP = NO;
				DEBUG_INFORMATION_FORMAT = "dwarf-with-dsym";
				ENABLE_NS_ASSERTIONS = NO;
				ENABLE_STRICT_OBJC_MSGSEND = YES;
				GCC_C_LANGUAGE_STANDARD = gnu11;
				GCC_NO_COMMON_BLOCKS = YES;
				GCC_WARN_64_TO_32_BIT_CONVERSION = YES;
				GCC_WARN_ABOUT_RETURN_TYPE = YES_ERROR;
				GCC_WARN_UNDECLARED_SELECTOR = YES;
				GCC_WARN_UNINITIALIZED_AUTOS = YES_AGGRESSIVE;
				GCC_WARN_UNUSED_FUNCTION = YES;
				GCC_WARN_UNUSED_VARIABLE = YES;
				IPHONEOS_DEPLOYMENT_TARGET = 16.1;
				MTL_ENABLE_DEBUG_INFO = NO;
				MTL_FAST_MATH = YES;
				SDKROOT = iphoneos;
				SWIFT_COMPILATION_MODE = wholemodule;
				SWIFT_OPTIMIZATION_LEVEL = "-O";
				VALIDATE_PRODUCT = YES;
			};
			name = Release;
		};
		2E3440382AAC7C5F0043C368 /* Debug */ = {
			isa = XCBuildConfiguration;
			buildSettings = {
				ASSETCATALOG_COMPILER_APPICON_NAME = AppIcon;
				ASSETCATALOG_COMPILER_GLOBAL_ACCENT_COLOR_NAME = AccentColor;
				CODE_SIGN_STYLE = Automatic;
				CURRENT_PROJECT_VERSION = 1;
				DEVELOPMENT_TEAM = W899AB4MZP;
				GENERATE_INFOPLIST_FILE = YES;
				INFOPLIST_FILE = heavyweightMigration/Info.plist;
				INFOPLIST_KEY_UIApplicationSupportsIndirectInputEvents = YES;
				INFOPLIST_KEY_UILaunchStoryboardName = LaunchScreen;
				INFOPLIST_KEY_UIMainStoryboardFile = Main;
				INFOPLIST_KEY_UISupportedInterfaceOrientations_iPad = "UIInterfaceOrientationPortrait UIInterfaceOrientationPortraitUpsideDown UIInterfaceOrientationLandscapeLeft UIInterfaceOrientationLandscapeRight";
				INFOPLIST_KEY_UISupportedInterfaceOrientations_iPhone = "UIInterfaceOrientationPortrait UIInterfaceOrientationLandscapeLeft UIInterfaceOrientationLandscapeRight";
				LD_RUNPATH_SEARCH_PATHS = (
					"$(inherited)",
					"@executable_path/Frameworks",
				);
				MARKETING_VERSION = 1.0;
				PRODUCT_BUNDLE_IDENTIFIER = com.shubhranshgupta.heavyweightMigration;
				PRODUCT_NAME = "$(TARGET_NAME)";
				SWIFT_EMIT_LOC_STRINGS = YES;
				SWIFT_VERSION = 5.0;
				TARGETED_DEVICE_FAMILY = "1,2";
			};
			name = Debug;
		};
		2E3440392AAC7C5F0043C368 /* Release */ = {
			isa = XCBuildConfiguration;
			buildSettings = {
				ASSETCATALOG_COMPILER_APPICON_NAME = AppIcon;
				ASSETCATALOG_COMPILER_GLOBAL_ACCENT_COLOR_NAME = AccentColor;
				CODE_SIGN_STYLE = Automatic;
				CURRENT_PROJECT_VERSION = 1;
				DEVELOPMENT_TEAM = W899AB4MZP;
				GENERATE_INFOPLIST_FILE = YES;
				INFOPLIST_FILE = heavyweightMigration/Info.plist;
				INFOPLIST_KEY_UIApplicationSupportsIndirectInputEvents = YES;
				INFOPLIST_KEY_UILaunchStoryboardName = LaunchScreen;
				INFOPLIST_KEY_UIMainStoryboardFile = Main;
				INFOPLIST_KEY_UISupportedInterfaceOrientations_iPad = "UIInterfaceOrientationPortrait UIInterfaceOrientationPortraitUpsideDown UIInterfaceOrientationLandscapeLeft UIInterfaceOrientationLandscapeRight";
				INFOPLIST_KEY_UISupportedInterfaceOrientations_iPhone = "UIInterfaceOrientationPortrait UIInterfaceOrientationLandscapeLeft UIInterfaceOrientationLandscapeRight";
				LD_RUNPATH_SEARCH_PATHS = (
					"$(inherited)",
					"@executable_path/Frameworks",
				);
				MARKETING_VERSION = 1.0;
				PRODUCT_BUNDLE_IDENTIFIER = com.shubhranshgupta.heavyweightMigration;
				PRODUCT_NAME = "$(TARGET_NAME)";
				SWIFT_EMIT_LOC_STRINGS = YES;
				SWIFT_VERSION = 5.0;
				TARGETED_DEVICE_FAMILY = "1,2";
			};
			name = Release;
		};
		2E34403B2AAC7C5F0043C368 /* Debug */ = {
			isa = XCBuildConfiguration;
			buildSettings = {
				ALWAYS_EMBED_SWIFT_STANDARD_LIBRARIES = YES;
				BUNDLE_LOADER = "$(TEST_HOST)";
				CODE_SIGN_STYLE = Automatic;
				CURRENT_PROJECT_VERSION = 1;
				DEVELOPMENT_TEAM = W899AB4MZP;
				GENERATE_INFOPLIST_FILE = YES;
				IPHONEOS_DEPLOYMENT_TARGET = 16.1;
				MARKETING_VERSION = 1.0;
				PRODUCT_BUNDLE_IDENTIFIER = com.shubhranshgupta.heavyweightMigrationTests;
				PRODUCT_NAME = "$(TARGET_NAME)";
				SWIFT_EMIT_LOC_STRINGS = NO;
				SWIFT_VERSION = 5.0;
				TARGETED_DEVICE_FAMILY = "1,2";
				TEST_HOST = "$(BUILT_PRODUCTS_DIR)/heavyweightMigration.app/$(BUNDLE_EXECUTABLE_FOLDER_PATH)/heavyweightMigration";
			};
			name = Debug;
		};
		2E34403C2AAC7C5F0043C368 /* Release */ = {
			isa = XCBuildConfiguration;
			buildSettings = {
				ALWAYS_EMBED_SWIFT_STANDARD_LIBRARIES = YES;
				BUNDLE_LOADER = "$(TEST_HOST)";
				CODE_SIGN_STYLE = Automatic;
				CURRENT_PROJECT_VERSION = 1;
				DEVELOPMENT_TEAM = W899AB4MZP;
				GENERATE_INFOPLIST_FILE = YES;
				IPHONEOS_DEPLOYMENT_TARGET = 16.1;
				MARKETING_VERSION = 1.0;
				PRODUCT_BUNDLE_IDENTIFIER = com.shubhranshgupta.heavyweightMigrationTests;
				PRODUCT_NAME = "$(TARGET_NAME)";
				SWIFT_EMIT_LOC_STRINGS = NO;
				SWIFT_VERSION = 5.0;
				TARGETED_DEVICE_FAMILY = "1,2";
				TEST_HOST = "$(BUILT_PRODUCTS_DIR)/heavyweightMigration.app/$(BUNDLE_EXECUTABLE_FOLDER_PATH)/heavyweightMigration";
			};
			name = Release;
		};
		2E34403E2AAC7C5F0043C368 /* Debug */ = {
			isa = XCBuildConfiguration;
			buildSettings = {
				ALWAYS_EMBED_SWIFT_STANDARD_LIBRARIES = YES;
				CODE_SIGN_STYLE = Automatic;
				CURRENT_PROJECT_VERSION = 1;
				DEVELOPMENT_TEAM = W899AB4MZP;
				GENERATE_INFOPLIST_FILE = YES;
				MARKETING_VERSION = 1.0;
				PRODUCT_BUNDLE_IDENTIFIER = com.shubhranshgupta.heavyweightMigrationUITests;
				PRODUCT_NAME = "$(TARGET_NAME)";
				SWIFT_EMIT_LOC_STRINGS = NO;
				SWIFT_VERSION = 5.0;
				TARGETED_DEVICE_FAMILY = "1,2";
				TEST_TARGET_NAME = heavyweightMigration;
			};
			name = Debug;
		};
		2E34403F2AAC7C5F0043C368 /* Release */ = {
			isa = XCBuildConfiguration;
			buildSettings = {
				ALWAYS_EMBED_SWIFT_STANDARD_LIBRARIES = YES;
				CODE_SIGN_STYLE = Automatic;
				CURRENT_PROJECT_VERSION = 1;
				DEVELOPMENT_TEAM = W899AB4MZP;
				GENERATE_INFOPLIST_FILE = YES;
				MARKETING_VERSION = 1.0;
				PRODUCT_BUNDLE_IDENTIFIER = com.shubhranshgupta.heavyweightMigrationUITests;
				PRODUCT_NAME = "$(TARGET_NAME)";
				SWIFT_EMIT_LOC_STRINGS = NO;
				SWIFT_VERSION = 5.0;
				TARGETED_DEVICE_FAMILY = "1,2";
				TEST_TARGET_NAME = heavyweightMigration;
			};
			name = Release;
		};
/* End XCBuildConfiguration section */

/* Begin XCConfigurationList section */
		2E3440052AAC7C5E0043C368 /* Build configuration list for PBXProject "heavyweightMigration" */ = {
			isa = XCConfigurationList;
			buildConfigurations = (
				2E3440352AAC7C5F0043C368 /* Debug */,
				2E3440362AAC7C5F0043C368 /* Release */,
			);
			defaultConfigurationIsVisible = 0;
			defaultConfigurationName = Release;
		};
		2E3440372AAC7C5F0043C368 /* Build configuration list for PBXNativeTarget "heavyweightMigration" */ = {
			isa = XCConfigurationList;
			buildConfigurations = (
				2E3440382AAC7C5F0043C368 /* Debug */,
				2E3440392AAC7C5F0043C368 /* Release */,
			);
			defaultConfigurationIsVisible = 0;
			defaultConfigurationName = Release;
		};
		2E34403A2AAC7C5F0043C368 /* Build configuration list for PBXNativeTarget "heavyweightMigrationTests" */ = {
			isa = XCConfigurationList;
			buildConfigurations = (
				2E34403B2AAC7C5F0043C368 /* Debug */,
				2E34403C2AAC7C5F0043C368 /* Release */,
			);
			defaultConfigurationIsVisible = 0;
			defaultConfigurationName = Release;
		};
		2E34403D2AAC7C5F0043C368 /* Build configuration list for PBXNativeTarget "heavyweightMigrationUITests" */ = {
			isa = XCConfigurationList;
			buildConfigurations = (
				2E34403E2AAC7C5F0043C368 /* Debug */,
				2E34403F2AAC7C5F0043C368 /* Release */,
			);
			defaultConfigurationIsVisible = 0;
			defaultConfigurationName = Release;
		};
/* End XCConfigurationList section */

/* Begin XCVersionGroup section */
		2E3440162AAC7C5E0043C368 /* heavyweightMigration.xcdatamodeld */ = {
			isa = XCVersionGroup;
			children = (
				2E3440442AAC7D7D0043C368 /* heavyweightMigration 2.xcdatamodel */,
				2E3440172AAC7C5E0043C368 /* heavyweightMigration.xcdatamodel */,
			);
			currentVersion = 2E3440442AAC7D7D0043C368 /* heavyweightMigration 2.xcdatamodel */;
			path = heavyweightMigration.xcdatamodeld;
			sourceTree = "<group>";
			versionGroupType = wrapper.xcdatamodel;
		};
/* End XCVersionGroup section */
	};
	rootObject = 2E3440022AAC7C5E0043C368 /* Project object */;
}
